
Microsoft Visual Studio Solution File, Format Version 12.00
# Visual Studio 15
VisualStudioVersion = 15.0.26730.8
MinimumVisualStudioVersion = 10.0.40219.1
Project("{FAE04EC0-301F-11D3-BF4B-00C04F79EFBC}") = "passkeeper", "passkeeper\passkeeper.csproj", "{45106019-CAF6-48C6-B291-3B0DD474894A}"
EndProject
Global
	GlobalSection(SolutionConfigurationPlatforms) = preSolution
		Debug|Any CPU = Debug|Any CPU
		Release|Any CPU = Release|Any CPU
	EndGlobalSection
	GlobalSection(ProjectConfigurationPlatforms) = postSolution
		{45106019-CAF6-48C6-B291-3B0DD474894A}.Debug|Any CPU.ActiveCfg = Debug|Any CPU
		{45106019-CAF6-48C6-B291-3B0DD474894A}.Debug|Any CPU.Build.0 = Debug|Any CPU
		{45106019-CAF6-48C6-B291-3B0DD474894A}.Release|Any CPU.ActiveCfg = Release|Any CPU
		{45106019-CAF6-48C6-B291-3B0DD474894A}.Release|Any CPU.Build.0 = Release|Any CPU
	EndGlobalSection
	GlobalSection(SolutionProperties) = preSolution
		HideSolutionNode = FALSE
	EndGlobalSection
	GlobalSection(ExtensibilityGlobals) = postSolution
		SolutionGuid = {34948887-82B0-4B2E-B7FE-6BBFF050CCE6}
	EndGlobalSection
EndGlobal
